<?xml version="1.0" encoding="UTF-8"?>
<!DOCTYPE plist PUBLIC "-//Apple//DTD PLIST 1.0//EN" "http://www.apple.com/DTDs/PropertyList-1.0.dtd">
<plist version="1.0">
<dict>
	<key>archiveVersion</key>
	<string>1</string>
	<key>classes</key>
	<dict/>
	<key>objectVersion</key>
	<string>46</string>
	<key>objects</key>
	<dict>
		<key>13699ED37B2F732286EE75E9</key>
		<dict>
			<key>fileRef</key>
			<string>FDCDD1046EB4BF4972E42C38</string>
			<key>isa</key>
			<string>PBXBuildFile</string>
		</dict>
		<key>15FAB90B1CCA7B9B7A35F060</key>
		<dict>
			<key>fileEncoding</key>
			<string>4</string>
			<key>isa</key>
			<string>PBXFileReference</string>
			<key>lastKnownFileType</key>
			<string>archive.ar</string>
			<key>name</key>
			<string>libz.tbd</string>
			<key>path</key>
			<string>usr/lib/libz.tbd</string>
			<key>sourceTree</key>
			<string>SDKROOT</string>
		</dict>
		<key>17BF57D81E3052AE5576AA16</key>
		<dict>
			<key>fileRef</key>
			<string>DBC697E1D36FE0E49A0FF2B2</string>
			<key>isa</key>
			<string>PBXBuildFile</string>
		</dict>
		<key>189F41A10B021B9181C891AF</key>
		<dict>
			<key>fileRef</key>
			<string>263D2A498F1A599363E7E05D</string>
			<key>isa</key>
			<string>PBXBuildFile</string>
		</dict>
		<key>1A6D13B2DEB72084D6EBB711</key>
		<dict>
			<key>fileEncoding</key>
			<string>4</string>
			<key>isa</key>
			<string>PBXFileReference</string>
			<key>lastKnownFileType</key>
			<string>wrapper.framework</string>
			<key>name</key>
			<string>AppCanEngine.framework</string>
			<key>path</key>
			<string>../../../AppCanPluginTools-iOS/resource/IDEPluginProjectPackageResource/AppCanEngine.framework</string>
			<key>sourceTree</key>
			<string>&lt;group&gt;</string>
		</dict>
		<key>1D805141A348978E551CF834</key>
		<dict>
			<key>fileRef</key>
			<string>8FE3CE70B7D51F3E95248FDE</string>
			<key>isa</key>
			<string>PBXBuildFile</string>
		</dict>
		<key>263D2A498F1A599363E7E05D</key>
		<dict>
			<key>fileEncoding</key>
			<string>4</string>
			<key>isa</key>
			<string>PBXFileReference</string>
			<key>lastKnownFileType</key>
			<string>wrapper.framework</string>
			<key>name</key>
			<string>AudioToolbox.framework</string>
			<key>path</key>
			<string>System/Library/Frameworks/AudioToolbox.framework</string>
			<key>sourceTree</key>
			<string>SDKROOT</string>
		</dict>
		<key>268F1D2B0A5C930FA50B823C</key>
		<dict>
			<key>fileEncoding</key>
			<string>4</string>
			<key>isa</key>
			<string>PBXFileReference</string>
			<key>lastKnownFileType</key>
			<string>text.plist.strings</string>
			<key>name</key>
			<string>info.plist</string>
			<key>path</key>
			<string>../../../AppCanPluginTools-iOS/resource/IDEPluginProjectPackageResource/info.plist</string>
			<key>sourceTree</key>
			<string>&lt;group&gt;</string>
		</dict>
		<key>31454D558F23214DC459E778</key>
		<dict>
			<key>fileEncoding</key>
			<string>4</string>
			<key>isa</key>
			<string>PBXFileReference</string>
			<key>lastKnownFileType</key>
			<string>wrapper.framework</string>
			<key>name</key>
			<string>MobileCoreServices.framework</string>
			<key>path</key>
			<string>System/Library/Frameworks/MobileCoreServices.framework</string>
			<key>sourceTree</key>
			<string>SDKROOT</string>
		</dict>
		<key>33454F9D2BEF92E745F5343B</key>
		<dict>
			<key>children</key>
			<array>
				<string>8FE3CE70B7D51F3E95248FDE</string>
				<string>263D2A498F1A599363E7E05D</string>
				<string>DBC697E1D36FE0E49A0FF2B2</string>
				<string>F75353BDABB183F43C82EA10</string>
				<string>AF0F2B50DC0182E59036973E</string>
				<string>31454D558F23214DC459E778</string>
				<string>9BA6C23CDAF693AA46CFFBF7</string>
				<string>DE5C8C09F0A67824181BBB91</string>
				<string>D70DA22197C096FA98F3469C</string>
				<string>3E9B1B480B15E7694B193F6D</string>
				<string>FDCDD1046EB4BF4972E42C38</string>
				<string>721B456521E9B87C6621D18D</string>
				<string>15FAB90B1CCA7B9B7A35F060</string>
			</array>
			<key>isa</key>
			<string>PBXGroup</string>
			<key>path</key>
			<string>IDE-Frameworks</string>
			<key>sourceTree</key>
			<string>&lt;group&gt;</string>
		</dict>
		<key>3C7DD5741AAD83E500FDE63B</key>
		<dict>
			<key>children</key>
			<array>
				<string>3C7DD57F1AAD83E500FDE63B</string>
				<string>42EE611E1C2AB1B5007CFCB4</string>
				<string>3C7DD57E1AAD83E500FDE63B</string>
				<string>33454F9D2BEF92E745F5343B</string>
				<string>740253C77C1594CF8529C220</string>
				<string>A9C4C98B12E253C5FDC43DEB</string>
			</array>
			<key>isa</key>
			<string>PBXGroup</string>
			<key>sourceTree</key>
			<string>&lt;group&gt;</string>
		</dict>
		<key>3C7DD5751AAD83E500FDE63B</key>
		<dict>
			<key>attributes</key>
			<dict>
				<key>LastUpgradeCheck</key>
				<string>0610</string>
				<key>ORGANIZATIONNAME</key>
				<string>com.zywx</string>
				<key>TargetAttributes</key>
				<dict>
					<key>3C7DD57C1AAD83E500FDE63B</key>
					<dict>
						<key>CreatedOnToolsVersion</key>
						<string>6.1.1</string>
					</dict>
					<key>42EE611C1C2AB1B5007CFCB4</key>
					<dict>
						<key>CreatedOnToolsVersion</key>
						<string>7.2</string>
					</dict>
				</dict>
			</dict>
			<key>buildConfigurationList</key>
			<string>3C7DD5781AAD83E500FDE63B</string>
			<key>compatibilityVersion</key>
			<string>Xcode 3.2</string>
			<key>developmentRegion</key>
			<string>English</string>
			<key>hasScannedForEncodings</key>
			<string>0</string>
			<key>isa</key>
			<string>PBXProject</string>
			<key>knownRegions</key>
			<array>
				<string>en</string>
			</array>
			<key>mainGroup</key>
			<string>3C7DD5741AAD83E500FDE63B</string>
			<key>productRefGroup</key>
			<string>3C7DD57E1AAD83E500FDE63B</string>
			<key>projectDirPath</key>
			<string></string>
			<key>projectRoot</key>
			<string></string>
			<key>targets</key>
			<array>
				<string>3C7DD57C1AAD83E500FDE63B</string>
				<string>42EE611C1C2AB1B5007CFCB4</string>
			</array>
		</dict>
		<key>3C7DD5781AAD83E500FDE63B</key>
		<dict>
			<key>buildConfigurations</key>
			<array>
				<string>3C7DD58F1AAD83E600FDE63B</string>
				<string>3C7DD5901AAD83E600FDE63B</string>
			</array>
			<key>defaultConfigurationIsVisible</key>
			<string>0</string>
			<key>defaultConfigurationName</key>
			<string>Release</string>
			<key>isa</key>
			<string>XCConfigurationList</string>
		</dict>
		<key>3C7DD5791AAD83E500FDE63B</key>
		<dict>
			<key>buildActionMask</key>
			<string>2147483647</string>
			<key>files</key>
			<array>
				<string>3C7DD5EA1AAD853C00FDE63B</string>
				<string>3C7DD5E41AAD853C00FDE63B</string>
				<string>3C7DD5ED1AAD853C00FDE63B</string>
				<string>3C7DD5E81AAD853C00FDE63B</string>
				<string>3C7DD5EB1AAD853C00FDE63B</string>
				<string>3C7DD5E21AAD853C00FDE63B</string>
				<string>3C7DD5DD1AAD853C00FDE63B</string>
				<string>3C7DD5DC1AAD853C00FDE63B</string>
				<string>3C7DD5DE1AAD853C00FDE63B</string>
				<string>3C7DD5E11AAD853C00FDE63B</string>
				<string>3C7DD5E61AAD853C00FDE63B</string>
				<string>3C7DD5DF1AAD853C00FDE63B</string>
				<string>3C7DD5EC1AAD853C00FDE63B</string>
				<string>3C7DD5831AAD83E500FDE63B</string>
				<string>3C7DD5E51AAD853C00FDE63B</string>
				<string>3C7DD5E71AAD853C00FDE63B</string>
				<string>3C7DD5E31AAD853C00FDE63B</string>
				<string>3C7DD5E01AAD853C00FDE63B</string>
				<string>3C7DD5E91AAD853C00FDE63B</string>
			</array>
			<key>isa</key>
			<string>PBXSourcesBuildPhase</string>
			<key>runOnlyForDeploymentPostprocessing</key>
			<string>0</string>
		</dict>
		<key>3C7DD57A1AAD83E500FDE63B</key>
		<dict>
			<key>buildActionMask</key>
			<string>2147483647</string>
			<key>files</key>
			<array>
				<string>1D805141A348978E551CF834</string>
				<string>189F41A10B021B9181C891AF</string>
				<string>17BF57D81E3052AE5576AA16</string>
				<string>8E0F1DC301DEEADFD1D493C7</string>
				<string>8C8E7929AB28DF1DF8BA06D4</string>
				<string>B122DBACF0021C8B42906339</string>
				<string>910D6FC6B3F59C07C06F8AD2</string>
				<string>8E5CE3D51E6972998AA34C40</string>
				<string>B2A91CB223261C345724A7E6</string>
				<string>F908453748CC778442C42522</string>
				<string>13699ED37B2F732286EE75E9</string>
				<string>7060CC8DA986049682544127</string>
				<string>C9C5B3A114E503635B806526</string>
				<string>9A0750F82836C816C8736D6A</string>
			</array>
			<key>isa</key>
			<string>PBXFrameworksBuildPhase</string>
			<key>runOnlyForDeploymentPostprocessing</key>
			<string>0</string>
		</dict>
		<key>3C7DD57C1AAD83E500FDE63B</key>
		<dict>
			<key>buildConfigurationList</key>
			<string>3C7DD5911AAD83E600FDE63B</string>
			<key>buildPhases</key>
			<array>
				<string>3C7DD5791AAD83E500FDE63B</string>
				<string>3C7DD57A1AAD83E500FDE63B</string>
				<string>771CD4F229925076E88D6ADB</string>
			</array>
			<key>buildRules</key>
			<array/>
			<key>dependencies</key>
			<array/>
			<key>isa</key>
			<string>PBXNativeTarget</string>
			<key>name</key>
			<string>EUExInputTextFieldView</string>
			<key>productName</key>
			<string>EUExInputTextFieldView</string>
			<key>productReference</key>
			<string>3C7DD57D1AAD83E500FDE63B</string>
			<key>productType</key>
			<string>com.apple.product-type.framework</string>
		</dict>
		<key>3C7DD57D1AAD83E500FDE63B</key>
		<dict>
			<key>explicitFileType</key>
			<string>archive.ar</string>
			<key>includeInIndex</key>
			<string>0</string>
			<key>isa</key>
			<string>PBXFileReference</string>
			<key>name</key>
			<string>uexInputTextFieldView.framework</string>
			<key>path</key>
			<string>uexInputTextFieldView.framework</string>
			<key>sourceTree</key>
			<string>BUILT_PRODUCTS_DIR</string>
		</dict>
		<key>3C7DD57E1AAD83E500FDE63B</key>
		<dict>
			<key>children</key>
			<array>
				<string>3C7DD57D1AAD83E500FDE63B</string>
				<string>42EE611D1C2AB1B5007CFCB4</string>
			</array>
			<key>isa</key>
			<string>PBXGroup</string>
			<key>name</key>
			<string>Products</string>
			<key>sourceTree</key>
			<string>&lt;group&gt;</string>
		</dict>
		<key>3C7DD57F1AAD83E500FDE63B</key>
		<dict>
			<key>children</key>
			<array>
				<string>3C7DD5A01AAD842000FDE63B</string>
				<string>3C7DD5801AAD83E500FDE63B</string>
				<string>3C7DD5821AAD83E500FDE63B</string>
				<string>3C7DD5A51AAD853C00FDE63B</string>
				<string>42EE61181C2AB0EB007CFCB4</string>
			</array>
			<key>isa</key>
			<string>PBXGroup</string>
			<key>path</key>
			<string>EUExInputTextFieldView</string>
			<key>sourceTree</key>
			<string>&lt;group&gt;</string>
		</dict>
		<key>3C7DD5801AAD83E500FDE63B</key>
		<dict>
			<key>isa</key>
			<string>PBXFileReference</string>
			<key>lastKnownFileType</key>
			<string>sourcecode.c.h</string>
			<key>path</key>
			<string>EUExInputTextFieldView.h</string>
			<key>sourceTree</key>
			<string>&lt;group&gt;</string>
		</dict>
		<key>3C7DD5821AAD83E500FDE63B</key>
		<dict>
			<key>isa</key>
			<string>PBXFileReference</string>
			<key>lastKnownFileType</key>
			<string>sourcecode.c.objc</string>
			<key>path</key>
			<string>EUExInputTextFieldView.m</string>
			<key>sourceTree</key>
			<string>&lt;group&gt;</string>
		</dict>
		<key>3C7DD5831AAD83E500FDE63B</key>
		<dict>
			<key>fileRef</key>
			<string>3C7DD5821AAD83E500FDE63B</string>
			<key>isa</key>
			<string>PBXBuildFile</string>
		</dict>
		<key>3C7DD58F1AAD83E600FDE63B</key>
		<dict>
			<key>buildSettings</key>
			<dict>
				<key>ALWAYS_SEARCH_USER_PATHS</key>
				<string>NO</string>
				<key>CLANG_CXX_LANGUAGE_STANDARD</key>
				<string>gnu++0x</string>
				<key>CLANG_CXX_LIBRARY</key>
				<string>libc++</string>
				<key>CLANG_ENABLE_MODULES</key>
				<string>YES</string>
				<key>CLANG_ENABLE_OBJC_ARC</key>
				<string>YES</string>
				<key>CLANG_WARN_BOOL_CONVERSION</key>
				<string>YES</string>
				<key>CLANG_WARN_CONSTANT_CONVERSION</key>
				<string>YES</string>
				<key>CLANG_WARN_DIRECT_OBJC_ISA_USAGE</key>
				<string>YES_ERROR</string>
				<key>CLANG_WARN_EMPTY_BODY</key>
				<string>YES</string>
				<key>CLANG_WARN_ENUM_CONVERSION</key>
				<string>YES</string>
				<key>CLANG_WARN_INT_CONVERSION</key>
				<string>YES</string>
				<key>CLANG_WARN_OBJC_ROOT_CLASS</key>
				<string>YES_ERROR</string>
				<key>CLANG_WARN_UNREACHABLE_CODE</key>
				<string>YES</string>
				<key>CLANG_WARN__DUPLICATE_METHOD_MATCH</key>
				<string>YES</string>
				<key>CONFIGURATION_BUILD_DIR</key>
				<string>$(SRCROOT)/uexInputTextFieldView</string>
				<key>COPY_PHASE_STRIP</key>
				<string>NO</string>
				<key>DEBUG_INFORMATION_FORMAT</key>
				<string>dwarf</string>
				<key>ENABLE_STRICT_OBJC_MSGSEND</key>
				<string>YES</string>
				<key>GCC_C_LANGUAGE_STANDARD</key>
				<string>gnu99</string>
				<key>GCC_DYNAMIC_NO_PIC</key>
				<string>NO</string>
				<key>GCC_OPTIMIZATION_LEVEL</key>
				<string>0</string>
				<key>GCC_PREPROCESSOR_DEFINITIONS</key>
				<array>
					<string>DEBUG=1</string>
					<string>$(inherited)</string>
				</array>
				<key>GCC_SYMBOLS_PRIVATE_EXTERN</key>
				<string>NO</string>
				<key>GCC_WARN_64_TO_32_BIT_CONVERSION</key>
				<string>YES</string>
				<key>GCC_WARN_ABOUT_RETURN_TYPE</key>
				<string>YES_ERROR</string>
				<key>GCC_WARN_UNDECLARED_SELECTOR</key>
				<string>YES</string>
				<key>GCC_WARN_UNINITIALIZED_AUTOS</key>
				<string>YES_AGGRESSIVE</string>
				<key>GCC_WARN_UNUSED_FUNCTION</key>
				<string>YES</string>
				<key>GCC_WARN_UNUSED_VARIABLE</key>
				<string>YES</string>
				<key>IPHONEOS_DEPLOYMENT_TARGET</key>
				<string>8.0</string>
				<key>MTL_ENABLE_DEBUG_INFO</key>
				<string>YES</string>
				<key>ONLY_ACTIVE_ARCH</key>
				<string>NO</string>
				<key>SDKROOT</key>
				<string>iphoneos</string>
				<key>TARGETED_DEVICE_FAMILY</key>
				<string>1,2</string>
			</dict>
			<key>isa</key>
			<string>XCBuildConfiguration</string>
			<key>name</key>
			<string>Debug</string>
		</dict>
		<key>3C7DD5901AAD83E600FDE63B</key>
		<dict>
			<key>buildSettings</key>
			<dict>
				<key>ALWAYS_SEARCH_USER_PATHS</key>
				<string>NO</string>
				<key>CLANG_CXX_LANGUAGE_STANDARD</key>
				<string>gnu++0x</string>
				<key>CLANG_CXX_LIBRARY</key>
				<string>libc++</string>
				<key>CLANG_ENABLE_MODULES</key>
				<string>YES</string>
				<key>CLANG_ENABLE_OBJC_ARC</key>
				<string>YES</string>
				<key>CLANG_WARN_BOOL_CONVERSION</key>
				<string>YES</string>
				<key>CLANG_WARN_CONSTANT_CONVERSION</key>
				<string>YES</string>
				<key>CLANG_WARN_DIRECT_OBJC_ISA_USAGE</key>
				<string>YES_ERROR</string>
				<key>CLANG_WARN_EMPTY_BODY</key>
				<string>YES</string>
				<key>CLANG_WARN_ENUM_CONVERSION</key>
				<string>YES</string>
				<key>CLANG_WARN_INT_CONVERSION</key>
				<string>YES</string>
				<key>CLANG_WARN_OBJC_ROOT_CLASS</key>
				<string>YES_ERROR</string>
				<key>CLANG_WARN_UNREACHABLE_CODE</key>
				<string>YES</string>
				<key>CLANG_WARN__DUPLICATE_METHOD_MATCH</key>
				<string>YES</string>
				<key>CONFIGURATION_BUILD_DIR</key>
				<string>$(SRCROOT)/uexInputTextFieldView</string>
				<key>COPY_PHASE_STRIP</key>
				<string>YES</string>
				<key>DEBUG_INFORMATION_FORMAT</key>
				<string>dwarf</string>
				<key>ENABLE_NS_ASSERTIONS</key>
				<string>NO</string>
				<key>ENABLE_STRICT_OBJC_MSGSEND</key>
				<string>YES</string>
				<key>GCC_C_LANGUAGE_STANDARD</key>
				<string>gnu99</string>
				<key>GCC_WARN_64_TO_32_BIT_CONVERSION</key>
				<string>YES</string>
				<key>GCC_WARN_ABOUT_RETURN_TYPE</key>
				<string>YES_ERROR</string>
				<key>GCC_WARN_UNDECLARED_SELECTOR</key>
				<string>YES</string>
				<key>GCC_WARN_UNINITIALIZED_AUTOS</key>
				<string>YES_AGGRESSIVE</string>
				<key>GCC_WARN_UNUSED_FUNCTION</key>
				<string>YES</string>
				<key>GCC_WARN_UNUSED_VARIABLE</key>
				<string>YES</string>
				<key>IPHONEOS_DEPLOYMENT_TARGET</key>
				<string>8.0</string>
				<key>MTL_ENABLE_DEBUG_INFO</key>
				<string>NO</string>
				<key>ONLY_ACTIVE_ARCH</key>
				<string>NO</string>
				<key>SDKROOT</key>
				<string>iphoneos</string>
				<key>TARGETED_DEVICE_FAMILY</key>
				<string>1,2</string>
				<key>VALIDATE_PRODUCT</key>
				<string>YES</string>
			</dict>
			<key>isa</key>
			<string>XCBuildConfiguration</string>
			<key>name</key>
			<string>Release</string>
		</dict>
		<key>3C7DD5911AAD83E600FDE63B</key>
		<dict>
			<key>buildConfigurations</key>
			<array>
				<string>3C7DD5921AAD83E600FDE63B</string>
				<string>3C7DD5931AAD83E600FDE63B</string>
			</array>
			<key>defaultConfigurationIsVisible</key>
			<string>0</string>
			<key>defaultConfigurationName</key>
			<string>Release</string>
			<key>isa</key>
			<string>XCConfigurationList</string>
		</dict>
		<key>3C7DD5921AAD83E600FDE63B</key>
		<dict>
			<key>buildSettings</key>
			<dict>
				<key>BUNDLE_IDENTIFIER</key>
				<string>com.appcan.ide</string>
				<key>CODE_SIGN_IDENTITY</key>
				<string>iPhone Distribution: Hangzhou Sea King Biological Technology Co., Ltd.</string>
				<key>CONFIGURATION_BUILD_DIR</key>
				<string>$(SRCROOT)/uexInputTextFieldView/IDE/</string>
				<key>DEBUG_INFORMATION_FORMAT</key>
				<string>dwarf</string>
				<key>DEFINES_MODULE</key>
				<string>YES</string>
				<key>DYLIB_COMPATIBILITY_VERSION</key>
				<string>1</string>
				<key>DYLIB_CURRENT_VERSION</key>
				<string>1</string>
				<key>DYLIB_INSTALL_NAME_BASE</key>
				<string>@rpath</string>
				<key>ENABLE_BITCODE</key>
				<string>NO</string>
				<key>FRAMEWORK_SEARCH_PATHS</key>
				<array>
					<string>$(PROJECT_DIR)</string>
					<string>$(SRCROOT)/../../AppCanPluginTools-iOS/resource/IDEPluginProjectPackageResource</string>
				</array>
				<key>GCC_PRECOMPILE_PREFIX_HEADER</key>
				<string>YES</string>
				<key>GCC_PREFIX_HEADER</key>
				<string>$SRCROOT/EUExInputTextFieldView/PrefixHeader.pch</string>
				<key>HEADER_SEARCH_PATHS</key>
				<array>
					<string>$(SRCROOT)/../../AppCanPluginTools-iOS/resource/IDEPluginProjectPackageResource</string>
				</array>
				<key>INFOPLIST_FILE</key>
				<string>$(SRCROOT)/../../AppCanPluginTools-iOS/resource/IDEPluginProjectPackageResource/info.plist</string>
				<key>INSTALL_PATH</key>
				<string>$(LOCAL_LIBRARY_DIR)/Frameworks</string>
				<key>IPHONEOS_DEPLOYMENT_TARGET</key>
				<string>8.0</string>
				<key>LD_RUNPATH_SEARCH_PATHS</key>
				<array>
					<string>$(inherited)</string>
					<string>@executable_path/Frameworks</string>
					<string>@executable_path</string>
					<string>@loader_path/Frameworks</string>
					<string>@loader_path</string>
				</array>
				<key>LIBRARY_SEARCH_PATHS</key>
				<array>
					<string>$(inherited)</string>
					<string>$(SRCROOT)/../../AppCanPluginTools-iOS/resource/IDEPluginProjectPackageResource</string>
				</array>
				<key>OTHER_LDFLAGS</key>
				<string>-ObjC</string>
				<key>PRODUCT_NAME</key>
				<string>uexInputTextFieldView</string>
				<key>PROVISIONING_PROFILE</key>
				<string>756a3ff2-be53-4d08-862a-c050d0dfa3d9</string>
				<key>SKIP_INSTALL</key>
				<string>YES</string>
			</dict>
			<key>isa</key>
			<string>XCBuildConfiguration</string>
			<key>name</key>
			<string>Debug</string>
		</dict>
		<key>3C7DD5931AAD83E600FDE63B</key>
		<dict>
			<key>buildSettings</key>
			<dict>
				<key>BUNDLE_IDENTIFIER</key>
				<string>com.appcan.ide</string>
				<key>CODE_SIGN_IDENTITY</key>
				<string>iPhone Distribution: Hangzhou Sea King Biological Technology Co., Ltd.</string>
				<key>CONFIGURATION_BUILD_DIR</key>
				<string>$(SRCROOT)/uexInputTextFieldView/IDE/</string>
				<key>DEBUG_INFORMATION_FORMAT</key>
				<string>dwarf</string>
				<key>DEFINES_MODULE</key>
				<string>YES</string>
				<key>DYLIB_COMPATIBILITY_VERSION</key>
				<string>1</string>
				<key>DYLIB_CURRENT_VERSION</key>
				<string>1</string>
				<key>DYLIB_INSTALL_NAME_BASE</key>
				<string>@rpath</string>
				<key>ENABLE_BITCODE</key>
				<string>NO</string>
				<key>FRAMEWORK_SEARCH_PATHS</key>
				<array>
					<string>$(PROJECT_DIR)</string>
					<string>$(SRCROOT)/../../AppCanPluginTools-iOS/resource/IDEPluginProjectPackageResource</string>
				</array>
				<key>GCC_PRECOMPILE_PREFIX_HEADER</key>
				<string>YES</string>
				<key>GCC_PREFIX_HEADER</key>
				<string>$SRCROOT/EUExInputTextFieldView/PrefixHeader.pch</string>
				<key>HEADER_SEARCH_PATHS</key>
				<array>
					<string>$(SRCROOT)/../../AppCanPluginTools-iOS/resource/IDEPluginProjectPackageResource</string>
				</array>
				<key>INFOPLIST_FILE</key>
				<string>$(SRCROOT)/../../AppCanPluginTools-iOS/resource/IDEPluginProjectPackageResource/info.plist</string>
				<key>INSTALL_PATH</key>
				<string>$(LOCAL_LIBRARY_DIR)/Frameworks</string>
				<key>IPHONEOS_DEPLOYMENT_TARGET</key>
				<string>8.0</string>
				<key>LD_RUNPATH_SEARCH_PATHS</key>
				<array>
					<string>$(inherited)</string>
					<string>@executable_path/Frameworks</string>
					<string>@executable_path</string>
					<string>@loader_path/Frameworks</string>
					<string>@loader_path</string>
				</array>
				<key>LIBRARY_SEARCH_PATHS</key>
				<array>
					<string>$(inherited)</string>
					<string>$(SRCROOT)/../../AppCanPluginTools-iOS/resource/IDEPluginProjectPackageResource</string>
				</array>
				<key>OTHER_LDFLAGS</key>
				<string>-ObjC</string>
				<key>PRODUCT_NAME</key>
				<string>uexInputTextFieldView</string>
				<key>PROVISIONING_PROFILE</key>
				<string>756a3ff2-be53-4d08-862a-c050d0dfa3d9</string>
				<key>SKIP_INSTALL</key>
				<string>YES</string>
			</dict>
			<key>isa</key>
			<string>XCBuildConfiguration</string>
			<key>name</key>
			<string>Release</string>
		</dict>
		<key>3C7DD5A01AAD842000FDE63B</key>
		<dict>
			<key>children</key>
			<array>
				<string>3C7DD5A11AAD842000FDE63B</string>
				<string>3C7DD5A21AAD842000FDE63B</string>
				<string>3C7DD5A31AAD842000FDE63B</string>
				<string>3C7DD5A41AAD842000FDE63B</string>
			</array>
			<key>isa</key>
			<string>PBXGroup</string>
			<key>path</key>
			<string>engineHeader</string>
			<key>sourceTree</key>
			<string>&lt;group&gt;</string>
		</dict>
		<key>3C7DD5A11AAD842000FDE63B</key>
		<dict>
			<key>fileEncoding</key>
			<string>4</string>
			<key>isa</key>
			<string>PBXFileReference</string>
			<key>lastKnownFileType</key>
			<string>sourcecode.c.h</string>
			<key>path</key>
			<string>EBrowserView.h</string>
			<key>sourceTree</key>
			<string>&lt;group&gt;</string>
		</dict>
		<key>3C7DD5A21AAD842000FDE63B</key>
		<dict>
			<key>fileEncoding</key>
			<string>4</string>
			<key>isa</key>
			<string>PBXFileReference</string>
			<key>lastKnownFileType</key>
			<string>sourcecode.c.h</string>
			<key>path</key>
			<string>EUExBase.h</string>
			<key>sourceTree</key>
			<string>&lt;group&gt;</string>
		</dict>
		<key>3C7DD5A31AAD842000FDE63B</key>
		<dict>
			<key>fileEncoding</key>
			<string>4</string>
			<key>isa</key>
			<string>PBXFileReference</string>
			<key>lastKnownFileType</key>
			<string>sourcecode.c.h</string>
			<key>path</key>
			<string>EUExBaseDefine.h</string>
			<key>sourceTree</key>
			<string>&lt;group&gt;</string>
		</dict>
		<key>3C7DD5A41AAD842000FDE63B</key>
		<dict>
			<key>fileEncoding</key>
			<string>4</string>
			<key>isa</key>
			<string>PBXFileReference</string>
			<key>lastKnownFileType</key>
			<string>sourcecode.c.h</string>
			<key>path</key>
			<string>EUtility.h</string>
			<key>sourceTree</key>
			<string>&lt;group&gt;</string>
		</dict>
		<key>3C7DD5A51AAD853C00FDE63B</key>
		<dict>
			<key>children</key>
			<array>
				<string>3C7DD5A81AAD853C00FDE63B</string>
				<string>3C7DD5A91AAD853C00FDE63B</string>
				<string>3C7DD5AA1AAD853C00FDE63B</string>
				<string>3C7DD5AB1AAD853C00FDE63B</string>
				<string>3C7DD5AC1AAD853C00FDE63B</string>
				<string>3C7DD5AD1AAD853C00FDE63B</string>
				<string>3C7DD5AE1AAD853C00FDE63B</string>
				<string>3C7DD5B51AAD853C00FDE63B</string>
				<string>3C7DD5BC1AAD853C00FDE63B</string>
				<string>3C7DD5C41AAD853C00FDE63B</string>
				<string>3C7DD5CB1AAD853C00FDE63B</string>
				<string>3C7DD5D01AAD853C00FDE63B</string>
				<string>3C7DD5D51AAD853C00FDE63B</string>
				<string>3C7DD5D81AAD853C00FDE63B</string>
			</array>
			<key>isa</key>
			<string>PBXGroup</string>
			<key>path</key>
			<string>sourceCode</string>
			<key>sourceTree</key>
			<string>&lt;group&gt;</string>
		</dict>
		<key>3C7DD5A81AAD853C00FDE63B</key>
		<dict>
			<key>fileEncoding</key>
			<string>4</string>
			<key>isa</key>
			<string>PBXFileReference</string>
			<key>lastKnownFileType</key>
			<string>sourcecode.c.h</string>
			<key>path</key>
			<string>InputChatKeyboard.h</string>
			<key>sourceTree</key>
			<string>&lt;group&gt;</string>
		</dict>
		<key>3C7DD5A91AAD853C00FDE63B</key>
		<dict>
			<key>fileEncoding</key>
			<string>4</string>
			<key>isa</key>
			<string>PBXFileReference</string>
			<key>lastKnownFileType</key>
			<string>sourcecode.c.objc</string>
			<key>path</key>
			<string>InputChatKeyboard.m</string>
			<key>sourceTree</key>
			<string>&lt;group&gt;</string>
		</dict>
		<key>3C7DD5AA1AAD853C00FDE63B</key>
		<dict>
			<key>fileEncoding</key>
			<string>4</string>
			<key>isa</key>
			<string>PBXFileReference</string>
			<key>lastKnownFileType</key>
			<string>sourcecode.c.h</string>
			<key>path</key>
			<string>InputChatKeyboardData.h</string>
			<key>sourceTree</key>
			<string>&lt;group&gt;</string>
		</dict>
		<key>3C7DD5AB1AAD853C00FDE63B</key>
		<dict>
			<key>fileEncoding</key>
			<string>4</string>
			<key>isa</key>
			<string>PBXFileReference</string>
			<key>lastKnownFileType</key>
			<string>sourcecode.c.objc</string>
			<key>path</key>
			<string>InputChatKeyboardData.m</string>
			<key>sourceTree</key>
			<string>&lt;group&gt;</string>
		</dict>
		<key>3C7DD5AC1AAD853C00FDE63B</key>
		<dict>
			<key>fileEncoding</key>
			<string>4</string>
			<key>isa</key>
			<string>PBXFileReference</string>
			<key>lastKnownFileType</key>
			<string>sourcecode.c.h</string>
			<key>path</key>
			<string>InputChatKeyboardUtility.h</string>
			<key>sourceTree</key>
			<string>&lt;group&gt;</string>
		</dict>
		<key>3C7DD5AD1AAD853C00FDE63B</key>
		<dict>
			<key>fileEncoding</key>
			<string>4</string>
			<key>isa</key>
			<string>PBXFileReference</string>
			<key>lastKnownFileType</key>
			<string>sourcecode.c.objc</string>
			<key>path</key>
			<string>InputChatKeyboardUtility.m</string>
			<key>sourceTree</key>
			<string>&lt;group&gt;</string>
		</dict>
		<key>3C7DD5AE1AAD853C00FDE63B</key>
		<dict>
			<key>children</key>
			<array>
				<string>3C7DD5AF1AAD853C00FDE63B</string>
				<string>3C7DD5B01AAD853C00FDE63B</string>
				<string>3C7DD5B11AAD853C00FDE63B</string>
				<string>3C7DD5B21AAD853C00FDE63B</string>
				<string>3C7DD5B31AAD853C00FDE63B</string>
				<string>3C7DD5B41AAD853C00FDE63B</string>
			</array>
			<key>isa</key>
			<string>PBXGroup</string>
			<key>path</key>
			<string>Extend</string>
			<key>sourceTree</key>
			<string>&lt;group&gt;</string>
		</dict>
		<key>3C7DD5AF1AAD853C00FDE63B</key>
		<dict>
			<key>fileEncoding</key>
			<string>4</string>
			<key>isa</key>
			<string>PBXFileReference</string>
			<key>lastKnownFileType</key>
			<string>sourcecode.c.h</string>
			<key>path</key>
			<string>NSAttributedString+InputAttributes.h</string>
			<key>sourceTree</key>
			<string>&lt;group&gt;</string>
		</dict>
		<key>3C7DD5B01AAD853C00FDE63B</key>
		<dict>
			<key>fileEncoding</key>
			<string>4</string>
			<key>isa</key>
			<string>PBXFileReference</string>
			<key>lastKnownFileType</key>
			<string>sourcecode.c.objc</string>
			<key>path</key>
			<string>NSAttributedString+InputAttributes.m</string>
			<key>sourceTree</key>
			<string>&lt;group&gt;</string>
		</dict>
		<key>3C7DD5B11AAD853C00FDE63B</key>
		<dict>
			<key>fileEncoding</key>
			<string>4</string>
			<key>isa</key>
			<string>PBXFileReference</string>
			<key>lastKnownFileType</key>
			<string>sourcecode.c.h</string>
			<key>path</key>
			<string>NSString+InputMessage.h</string>
			<key>sourceTree</key>
			<string>&lt;group&gt;</string>
		</dict>
		<key>3C7DD5B21AAD853C00FDE63B</key>
		<dict>
			<key>fileEncoding</key>
			<string>4</string>
			<key>isa</key>
			<string>PBXFileReference</string>
			<key>lastKnownFileType</key>
			<string>sourcecode.c.objc</string>
			<key>path</key>
			<string>NSString+InputMessage.m</string>
			<key>sourceTree</key>
			<string>&lt;group&gt;</string>
		</dict>
		<key>3C7DD5B31AAD853C00FDE63B</key>
		<dict>
			<key>fileEncoding</key>
			<string>4</string>
			<key>isa</key>
			<string>PBXFileReference</string>
			<key>lastKnownFileType</key>
			<string>sourcecode.c.h</string>
			<key>path</key>
			<string>UIImage+InputXHRounded.h</string>
			<key>sourceTree</key>
			<string>&lt;group&gt;</string>
		</dict>
		<key>3C7DD5B41AAD853C00FDE63B</key>
		<dict>
			<key>fileEncoding</key>
			<string>4</string>
			<key>isa</key>
			<string>PBXFileReference</string>
			<key>lastKnownFileType</key>
			<string>sourcecode.c.objc</string>
			<key>path</key>
			<string>UIImage+InputXHRounded.m</string>
			<key>sourceTree</key>
			<string>&lt;group&gt;</string>
		</dict>
		<key>3C7DD5B51AAD853C00FDE63B</key>
		<dict>
			<key>children</key>
			<array>
				<string>3C7DD5B61AAD853C00FDE63B</string>
				<string>3C7DD5B71AAD853C00FDE63B</string>
				<string>3C7DD5B81AAD853C00FDE63B</string>
				<string>3C7DD5B91AAD853C00FDE63B</string>
				<string>3C7DD5BA1AAD853C00FDE63B</string>
				<string>3C7DD5BB1AAD853C00FDE63B</string>
			</array>
			<key>isa</key>
			<string>PBXGroup</string>
			<key>path</key>
			<string>Factory</string>
			<key>sourceTree</key>
			<string>&lt;group&gt;</string>
		</dict>
		<key>3C7DD5B61AAD853C00FDE63B</key>
		<dict>
			<key>fileEncoding</key>
			<string>4</string>
			<key>isa</key>
			<string>PBXFileReference</string>
			<key>lastKnownFileType</key>
			<string>sourcecode.c.h</string>
			<key>path</key>
			<string>InputZBMessageAvatorFactory.h</string>
			<key>sourceTree</key>
			<string>&lt;group&gt;</string>
		</dict>
		<key>3C7DD5B71AAD853C00FDE63B</key>
		<dict>
			<key>fileEncoding</key>
			<string>4</string>
			<key>isa</key>
			<string>PBXFileReference</string>
			<key>lastKnownFileType</key>
			<string>sourcecode.c.objc</string>
			<key>path</key>
			<string>InputZBMessageAvatorFactory.m</string>
			<key>sourceTree</key>
			<string>&lt;group&gt;</string>
		</dict>
		<key>3C7DD5B81AAD853C00FDE63B</key>
		<dict>
			<key>fileEncoding</key>
			<string>4</string>
			<key>isa</key>
			<string>PBXFileReference</string>
			<key>lastKnownFileType</key>
			<string>sourcecode.c.h</string>
			<key>path</key>
			<string>InputZBMessageBubbleFactory.h</string>
			<key>sourceTree</key>
			<string>&lt;group&gt;</string>
		</dict>
		<key>3C7DD5B91AAD853C00FDE63B</key>
		<dict>
			<key>fileEncoding</key>
			<string>4</string>
			<key>isa</key>
			<string>PBXFileReference</string>
			<key>lastKnownFileType</key>
			<string>sourcecode.c.objc</string>
			<key>path</key>
			<string>InputZBMessageBubbleFactory.m</string>
			<key>sourceTree</key>
			<string>&lt;group&gt;</string>
		</dict>
		<key>3C7DD5BA1AAD853C00FDE63B</key>
		<dict>
			<key>fileEncoding</key>
			<string>4</string>
			<key>isa</key>
			<string>PBXFileReference</string>
			<key>lastKnownFileType</key>
			<string>sourcecode.c.h</string>
			<key>path</key>
			<string>InputZBMessageVoiceFactory.h</string>
			<key>sourceTree</key>
			<string>&lt;group&gt;</string>
		</dict>
		<key>3C7DD5BB1AAD853C00FDE63B</key>
		<dict>
			<key>fileEncoding</key>
			<string>4</string>
			<key>isa</key>
			<string>PBXFileReference</string>
			<key>lastKnownFileType</key>
			<string>sourcecode.c.objc</string>
			<key>path</key>
			<string>InputZBMessageVoiceFactory.m</string>
			<key>sourceTree</key>
			<string>&lt;group&gt;</string>
		</dict>
		<key>3C7DD5BC1AAD853C00FDE63B</key>
		<dict>
			<key>children</key>
			<array>
				<string>3C7DD5BD1AAD853C00FDE63B</string>
				<string>3C7DD5BE1AAD853C00FDE63B</string>
				<string>3C7DD5BF1AAD853C00FDE63B</string>
				<string>3C7DD5C01AAD853C00FDE63B</string>
				<string>3C7DD5C11AAD853C00FDE63B</string>
				<string>3C7DD5C21AAD853C00FDE63B</string>
				<string>3C7DD5C31AAD853C00FDE63B</string>
			</array>
			<key>isa</key>
			<string>PBXGroup</string>
			<key>path</key>
			<string>json</string>
			<key>sourceTree</key>
			<string>&lt;group&gt;</string>
		</dict>
		<key>3C7DD5BD1AAD853C00FDE63B</key>
		<dict>
			<key>fileEncoding</key>
			<string>4</string>
			<key>isa</key>
			<string>PBXFileReference</string>
			<key>lastKnownFileType</key>
			<string>sourcecode.c.h</string>
			<key>path</key>
			<string>JSON.h</string>
			<key>sourceTree</key>
			<string>&lt;group&gt;</string>
		</dict>
		<key>3C7DD5BE1AAD853C00FDE63B</key>
		<dict>
			<key>fileEncoding</key>
			<string>4</string>
			<key>isa</key>
			<string>PBXFileReference</string>
			<key>lastKnownFileType</key>
			<string>sourcecode.c.h</string>
			<key>path</key>
			<string>NSObject+SBJSON.h</string>
			<key>sourceTree</key>
			<string>&lt;group&gt;</string>
		</dict>
		<key>3C7DD5BF1AAD853C00FDE63B</key>
		<dict>
			<key>fileEncoding</key>
			<string>4</string>
			<key>isa</key>
			<string>PBXFileReference</string>
			<key>lastKnownFileType</key>
			<string>sourcecode.c.h</string>
			<key>path</key>
			<string>NSString+SBJSON.h</string>
			<key>sourceTree</key>
			<string>&lt;group&gt;</string>
		</dict>
		<key>3C7DD5C01AAD853C00FDE63B</key>
		<dict>
			<key>fileEncoding</key>
			<string>4</string>
			<key>isa</key>
			<string>PBXFileReference</string>
			<key>lastKnownFileType</key>
			<string>sourcecode.c.h</string>
			<key>path</key>
			<string>SBJSON.h</string>
			<key>sourceTree</key>
			<string>&lt;group&gt;</string>
		</dict>
		<key>3C7DD5C11AAD853C00FDE63B</key>
		<dict>
			<key>fileEncoding</key>
			<string>4</string>
			<key>isa</key>
			<string>PBXFileReference</string>
			<key>lastKnownFileType</key>
			<string>sourcecode.c.h</string>
			<key>path</key>
			<string>SBJsonBase.h</string>
			<key>sourceTree</key>
			<string>&lt;group&gt;</string>
		</dict>
		<key>3C7DD5C21AAD853C00FDE63B</key>
		<dict>
			<key>fileEncoding</key>
			<string>4</string>
			<key>isa</key>
			<string>PBXFileReference</string>
			<key>lastKnownFileType</key>
			<string>sourcecode.c.h</string>
			<key>path</key>
			<string>SBJsonParser.h</string>
			<key>sourceTree</key>
			<string>&lt;group&gt;</string>
		</dict>
		<key>3C7DD5C31AAD853C00FDE63B</key>
		<dict>
			<key>fileEncoding</key>
			<string>4</string>
			<key>isa</key>
			<string>PBXFileReference</string>
			<key>lastKnownFileType</key>
			<string>sourcecode.c.h</string>
			<key>path</key>
			<string>SBJsonWriter.h</string>
			<key>sourceTree</key>
			<string>&lt;group&gt;</string>
		</dict>
		<key>3C7DD5C41AAD853C00FDE63B</key>
		<dict>
			<key>children</key>
			<array>
				<string>3C7DD5C51AAD853C00FDE63B</string>
				<string>3C7DD5C61AAD853C00FDE63B</string>
				<string>3C7DD5C71AAD853C00FDE63B</string>
				<string>3C7DD5C81AAD853C00FDE63B</string>
				<string>3C7DD5C91AAD853C00FDE63B</string>
				<string>3C7DD5CA1AAD853C00FDE63B</string>
			</array>
			<key>isa</key>
			<string>PBXGroup</string>
			<key>path</key>
			<string>messageFaceView</string>
			<key>sourceTree</key>
			<string>&lt;group&gt;</string>
		</dict>
		<key>3C7DD5C51AAD853C00FDE63B</key>
		<dict>
			<key>fileEncoding</key>
			<string>4</string>
			<key>isa</key>
			<string>PBXFileReference</string>
			<key>lastKnownFileType</key>
			<string>sourcecode.c.h</string>
			<key>path</key>
			<string>InputZBExpressionSectionBar.h</string>
			<key>sourceTree</key>
			<string>&lt;group&gt;</string>
		</dict>
		<key>3C7DD5C61AAD853C00FDE63B</key>
		<dict>
			<key>fileEncoding</key>
			<string>4</string>
			<key>isa</key>
			<string>PBXFileReference</string>
			<key>lastKnownFileType</key>
			<string>sourcecode.c.objc</string>
			<key>path</key>
			<string>InputZBExpressionSectionBar.m</string>
			<key>sourceTree</key>
			<string>&lt;group&gt;</string>
		</dict>
		<key>3C7DD5C71AAD853C00FDE63B</key>
		<dict>
			<key>fileEncoding</key>
			<string>4</string>
			<key>isa</key>
			<string>PBXFileReference</string>
			<key>lastKnownFileType</key>
			<string>sourcecode.c.h</string>
			<key>path</key>
			<string>InputZBFaceView.h</string>
			<key>sourceTree</key>
			<string>&lt;group&gt;</string>
		</dict>
		<key>3C7DD5C81AAD853C00FDE63B</key>
		<dict>
			<key>fileEncoding</key>
			<string>4</string>
			<key>isa</key>
			<string>PBXFileReference</string>
			<key>lastKnownFileType</key>
			<string>sourcecode.c.objc</string>
			<key>path</key>
			<string>InputZBFaceView.m</string>
			<key>sourceTree</key>
			<string>&lt;group&gt;</string>
		</dict>
		<key>3C7DD5C91AAD853C00FDE63B</key>
		<dict>
			<key>fileEncoding</key>
			<string>4</string>
			<key>isa</key>
			<string>PBXFileReference</string>
			<key>lastKnownFileType</key>
			<string>sourcecode.c.h</string>
			<key>path</key>
			<string>InputZBMessageManagerFaceView.h</string>
			<key>sourceTree</key>
			<string>&lt;group&gt;</string>
		</dict>
		<key>3C7DD5CA1AAD853C00FDE63B</key>
		<dict>
			<key>fileEncoding</key>
			<string>4</string>
			<key>isa</key>
			<string>PBXFileReference</string>
			<key>lastKnownFileType</key>
			<string>sourcecode.c.objc</string>
			<key>path</key>
			<string>InputZBMessageManagerFaceView.m</string>
			<key>sourceTree</key>
			<string>&lt;group&gt;</string>
		</dict>
		<key>3C7DD5CB1AAD853C00FDE63B</key>
		<dict>
			<key>children</key>
			<array>
				<string>3C7DD5CC1AAD853C00FDE63B</string>
				<string>3C7DD5CD1AAD853C00FDE63B</string>
				<string>3C7DD5CE1AAD853C00FDE63B</string>
				<string>3C7DD5CF1AAD853C00FDE63B</string>
			</array>
			<key>isa</key>
			<string>PBXGroup</string>
			<key>path</key>
			<string>MessageInputView</string>
			<key>sourceTree</key>
			<string>&lt;group&gt;</string>
		</dict>
		<key>3C7DD5CC1AAD853C00FDE63B</key>
		<dict>
			<key>fileEncoding</key>
			<string>4</string>
			<key>isa</key>
			<string>PBXFileReference</string>
			<key>lastKnownFileType</key>
			<string>sourcecode.c.h</string>
			<key>path</key>
			<string>InputZBMessageInputView.h</string>
			<key>sourceTree</key>
			<string>&lt;group&gt;</string>
		</dict>
		<key>3C7DD5CD1AAD853C00FDE63B</key>
		<dict>
			<key>fileEncoding</key>
			<string>4</string>
			<key>isa</key>
			<string>PBXFileReference</string>
			<key>lastKnownFileType</key>
			<string>sourcecode.c.objc</string>
			<key>path</key>
			<string>InputZBMessageInputView.m</string>
			<key>sourceTree</key>
			<string>&lt;group&gt;</string>
		</dict>
		<key>3C7DD5CE1AAD853C00FDE63B</key>
		<dict>
			<key>fileEncoding</key>
			<string>4</string>
			<key>isa</key>
			<string>PBXFileReference</string>
			<key>lastKnownFileType</key>
			<string>sourcecode.c.h</string>
			<key>path</key>
			<string>InputZBMessageTextView.h</string>
			<key>sourceTree</key>
			<string>&lt;group&gt;</string>
		</dict>
		<key>3C7DD5CF1AAD853C00FDE63B</key>
		<dict>
			<key>fileEncoding</key>
			<string>4</string>
			<key>isa</key>
			<string>PBXFileReference</string>
			<key>lastKnownFileType</key>
			<string>sourcecode.c.objc</string>
			<key>path</key>
			<string>InputZBMessageTextView.m</string>
			<key>sourceTree</key>
			<string>&lt;group&gt;</string>
		</dict>
		<key>3C7DD5D01AAD853C00FDE63B</key>
		<dict>
			<key>children</key>
			<array>
				<string>3C7DD5D11AAD853C00FDE63B</string>
				<string>3C7DD5D21AAD853C00FDE63B</string>
				<string>3C7DD5D31AAD853C00FDE63B</string>
				<string>3C7DD5D41AAD853C00FDE63B</string>
			</array>
			<key>isa</key>
			<string>PBXGroup</string>
			<key>path</key>
			<string>messageShareView</string>
			<key>sourceTree</key>
			<string>&lt;group&gt;</string>
		</dict>
		<key>3C7DD5D11AAD853C00FDE63B</key>
		<dict>
			<key>fileEncoding</key>
			<string>4</string>
			<key>isa</key>
			<string>PBXFileReference</string>
			<key>lastKnownFileType</key>
			<string>sourcecode.c.h</string>
			<key>path</key>
			<string>InputZBMessageShareMenuItem.h</string>
			<key>sourceTree</key>
			<string>&lt;group&gt;</string>
		</dict>
		<key>3C7DD5D21AAD853C00FDE63B</key>
		<dict>
			<key>fileEncoding</key>
			<string>4</string>
			<key>isa</key>
			<string>PBXFileReference</string>
			<key>lastKnownFileType</key>
			<string>sourcecode.c.objc</string>
			<key>path</key>
			<string>InputZBMessageShareMenuItem.m</string>
			<key>sourceTree</key>
			<string>&lt;group&gt;</string>
		</dict>
		<key>3C7DD5D31AAD853C00FDE63B</key>
		<dict>
			<key>fileEncoding</key>
			<string>4</string>
			<key>isa</key>
			<string>PBXFileReference</string>
			<key>lastKnownFileType</key>
			<string>sourcecode.c.h</string>
			<key>path</key>
			<string>InputZBMessageShareMenuView.h</string>
			<key>sourceTree</key>
			<string>&lt;group&gt;</string>
		</dict>
		<key>3C7DD5D41AAD853C00FDE63B</key>
		<dict>
			<key>fileEncoding</key>
			<string>4</string>
			<key>isa</key>
			<string>PBXFileReference</string>
			<key>lastKnownFileType</key>
			<string>sourcecode.c.objc</string>
			<key>path</key>
			<string>InputZBMessageShareMenuView.m</string>
			<key>sourceTree</key>
			<string>&lt;group&gt;</string>
		</dict>
		<key>3C7DD5D51AAD853C00FDE63B</key>
		<dict>
			<key>children</key>
			<array>
				<string>3C7DD5D61AAD853C00FDE63B</string>
				<string>3C7DD5D71AAD853C00FDE63B</string>
			</array>
			<key>isa</key>
			<string>PBXGroup</string>
			<key>path</key>
			<string>Models</string>
			<key>sourceTree</key>
			<string>&lt;group&gt;</string>
		</dict>
		<key>3C7DD5D61AAD853C00FDE63B</key>
		<dict>
			<key>fileEncoding</key>
			<string>4</string>
			<key>isa</key>
			<string>PBXFileReference</string>
			<key>lastKnownFileType</key>
			<string>sourcecode.c.h</string>
			<key>path</key>
			<string>InputZBMessage.h</string>
			<key>sourceTree</key>
			<string>&lt;group&gt;</string>
		</dict>
		<key>3C7DD5D71AAD853C00FDE63B</key>
		<dict>
			<key>fileEncoding</key>
			<string>4</string>
			<key>isa</key>
			<string>PBXFileReference</string>
			<key>lastKnownFileType</key>
			<string>sourcecode.c.objc</string>
			<key>path</key>
			<string>InputZBMessage.m</string>
			<key>sourceTree</key>
			<string>&lt;group&gt;</string>
		</dict>
		<key>3C7DD5D81AAD853C00FDE63B</key>
		<dict>
			<key>children</key>
			<array>
				<string>3C7DD5D91AAD853C00FDE63B</string>
				<string>3C7DD5DA1AAD853C00FDE63B</string>
			</array>
			<key>isa</key>
			<string>PBXGroup</string>
			<key>path</key>
			<string>xmlRaeder</string>
			<key>sourceTree</key>
			<string>&lt;group&gt;</string>
		</dict>
		<key>3C7DD5D91AAD853C00FDE63B</key>
		<dict>
			<key>fileEncoding</key>
			<string>4</string>
			<key>isa</key>
			<string>PBXFileReference</string>
			<key>lastKnownFileType</key>
			<string>sourcecode.c.h</string>
			<key>path</key>
			<string>InputXMLReader.h</string>
			<key>sourceTree</key>
			<string>&lt;group&gt;</string>
		</dict>
		<key>3C7DD5DA1AAD853C00FDE63B</key>
		<dict>
			<key>fileEncoding</key>
			<string>4</string>
			<key>isa</key>
			<string>PBXFileReference</string>
			<key>lastKnownFileType</key>
			<string>sourcecode.c.objc</string>
			<key>path</key>
			<string>InputXMLReader.m</string>
			<key>sourceTree</key>
			<string>&lt;group&gt;</string>
		</dict>
		<key>3C7DD5DC1AAD853C00FDE63B</key>
		<dict>
			<key>fileRef</key>
			<string>3C7DD5A91AAD853C00FDE63B</string>
			<key>isa</key>
			<string>PBXBuildFile</string>
		</dict>
		<key>3C7DD5DD1AAD853C00FDE63B</key>
		<dict>
			<key>fileRef</key>
			<string>3C7DD5AB1AAD853C00FDE63B</string>
			<key>isa</key>
			<string>PBXBuildFile</string>
		</dict>
		<key>3C7DD5DE1AAD853C00FDE63B</key>
		<dict>
			<key>fileRef</key>
			<string>3C7DD5AD1AAD853C00FDE63B</string>
			<key>isa</key>
			<string>PBXBuildFile</string>
		</dict>
		<key>3C7DD5DF1AAD853C00FDE63B</key>
		<dict>
			<key>fileRef</key>
			<string>3C7DD5B01AAD853C00FDE63B</string>
			<key>isa</key>
			<string>PBXBuildFile</string>
			<key>settings</key>
			<dict>
				<key>COMPILER_FLAGS</key>
				<string>-fno-objc-arc</string>
			</dict>
		</dict>
		<key>3C7DD5E01AAD853C00FDE63B</key>
		<dict>
			<key>fileRef</key>
			<string>3C7DD5B21AAD853C00FDE63B</string>
			<key>isa</key>
			<string>PBXBuildFile</string>
		</dict>
		<key>3C7DD5E11AAD853C00FDE63B</key>
		<dict>
			<key>fileRef</key>
			<string>3C7DD5B41AAD853C00FDE63B</string>
			<key>isa</key>
			<string>PBXBuildFile</string>
		</dict>
		<key>3C7DD5E21AAD853C00FDE63B</key>
		<dict>
			<key>fileRef</key>
			<string>3C7DD5B71AAD853C00FDE63B</string>
			<key>isa</key>
			<string>PBXBuildFile</string>
		</dict>
		<key>3C7DD5E31AAD853C00FDE63B</key>
		<dict>
			<key>fileRef</key>
			<string>3C7DD5B91AAD853C00FDE63B</string>
			<key>isa</key>
			<string>PBXBuildFile</string>
		</dict>
		<key>3C7DD5E41AAD853C00FDE63B</key>
		<dict>
			<key>fileRef</key>
			<string>3C7DD5BB1AAD853C00FDE63B</string>
			<key>isa</key>
			<string>PBXBuildFile</string>
		</dict>
		<key>3C7DD5E51AAD853C00FDE63B</key>
		<dict>
			<key>fileRef</key>
			<string>3C7DD5C61AAD853C00FDE63B</string>
			<key>isa</key>
			<string>PBXBuildFile</string>
		</dict>
		<key>3C7DD5E61AAD853C00FDE63B</key>
		<dict>
			<key>fileRef</key>
			<string>3C7DD5C81AAD853C00FDE63B</string>
			<key>isa</key>
			<string>PBXBuildFile</string>
		</dict>
		<key>3C7DD5E71AAD853C00FDE63B</key>
		<dict>
			<key>fileRef</key>
			<string>3C7DD5CA1AAD853C00FDE63B</string>
			<key>isa</key>
			<string>PBXBuildFile</string>
		</dict>
		<key>3C7DD5E81AAD853C00FDE63B</key>
		<dict>
			<key>fileRef</key>
			<string>3C7DD5CD1AAD853C00FDE63B</string>
			<key>isa</key>
			<string>PBXBuildFile</string>
		</dict>
		<key>3C7DD5E91AAD853C00FDE63B</key>
		<dict>
			<key>fileRef</key>
			<string>3C7DD5CF1AAD853C00FDE63B</string>
			<key>isa</key>
			<string>PBXBuildFile</string>
		</dict>
		<key>3C7DD5EA1AAD853C00FDE63B</key>
		<dict>
			<key>fileRef</key>
			<string>3C7DD5D21AAD853C00FDE63B</string>
			<key>isa</key>
			<string>PBXBuildFile</string>
		</dict>
		<key>3C7DD5EB1AAD853C00FDE63B</key>
		<dict>
			<key>fileRef</key>
			<string>3C7DD5D41AAD853C00FDE63B</string>
			<key>isa</key>
			<string>PBXBuildFile</string>
		</dict>
		<key>3C7DD5EC1AAD853C00FDE63B</key>
		<dict>
			<key>fileRef</key>
			<string>3C7DD5D71AAD853C00FDE63B</string>
			<key>isa</key>
			<string>PBXBuildFile</string>
		</dict>
		<key>3C7DD5ED1AAD853C00FDE63B</key>
		<dict>
			<key>fileRef</key>
			<string>3C7DD5DA1AAD853C00FDE63B</string>
			<key>isa</key>
			<string>PBXBuildFile</string>
		</dict>
		<key>3E9B1B480B15E7694B193F6D</key>
		<dict>
			<key>fileEncoding</key>
			<string>4</string>
			<key>isa</key>
			<string>PBXFileReference</string>
			<key>lastKnownFileType</key>
			<string>archive.ar</string>
			<key>name</key>
			<string>libc++.tbd</string>
			<key>path</key>
			<string>usr/lib/libc++.tbd</string>
			<key>sourceTree</key>
			<string>SDKROOT</string>
		</dict>
		<key>42EE61181C2AB0EB007CFCB4</key>
		<dict>
			<key>fileEncoding</key>
			<string>4</string>
			<key>isa</key>
			<string>PBXFileReference</string>
			<key>lastKnownFileType</key>
			<string>sourcecode.c.h</string>
			<key>path</key>
			<string>PrefixHeader.pch</string>
			<key>sourceTree</key>
			<string>&lt;group&gt;</string>
		</dict>
		<key>42EE61191C2AB1B5007CFCB4</key>
		<dict>
			<key>buildActionMask</key>
			<string>2147483647</string>
			<key>files</key>
			<array/>
			<key>isa</key>
			<string>PBXSourcesBuildPhase</string>
			<key>runOnlyForDeploymentPostprocessing</key>
			<string>0</string>
		</dict>
		<key>42EE611A1C2AB1B5007CFCB4</key>
		<dict>
			<key>buildActionMask</key>
			<string>2147483647</string>
			<key>files</key>
			<array/>
			<key>isa</key>
			<string>PBXFrameworksBuildPhase</string>
			<key>runOnlyForDeploymentPostprocessing</key>
			<string>0</string>
		</dict>
		<key>42EE611B1C2AB1B5007CFCB4</key>
		<dict>
			<key>buildActionMask</key>
			<string>2147483647</string>
			<key>files</key>
			<array>
				<string>42EE61361C2AB272007CFCB4</string>
				<string>42EE613E1C2AB272007CFCB4</string>
				<string>42EE61371C2AB272007CFCB4</string>
				<string>42EE613B1C2AB272007CFCB4</string>
				<string>42EE613D1C2AB272007CFCB4</string>
				<string>42EE61421C2AB272007CFCB4</string>
				<string>42EE61381C2AB272007CFCB4</string>
				<string>42EE61411C2AB272007CFCB4</string>
				<string>42EE61341C2AB272007CFCB4</string>
				<string>42EE613A1C2AB272007CFCB4</string>
				<string>42EE61351C2AB272007CFCB4</string>
				<string>42EE613F1C2AB272007CFCB4</string>
				<string>42EE61391C2AB272007CFCB4</string>
				<string>42EE61401C2AB272007CFCB4</string>
				<string>42EE613C1C2AB272007CFCB4</string>
			</array>
			<key>isa</key>
			<string>PBXResourcesBuildPhase</string>
			<key>runOnlyForDeploymentPostprocessing</key>
			<string>0</string>
		</dict>
		<key>42EE611C1C2AB1B5007CFCB4</key>
		<dict>
			<key>buildConfigurationList</key>
			<string>42EE61201C2AB1B5007CFCB4</string>
			<key>buildPhases</key>
			<array>
				<string>42EE61191C2AB1B5007CFCB4</string>
				<string>42EE611A1C2AB1B5007CFCB4</string>
				<string>42EE611B1C2AB1B5007CFCB4</string>
			</array>
			<key>buildRules</key>
			<array/>
			<key>dependencies</key>
			<array/>
			<key>isa</key>
			<string>PBXNativeTarget</string>
			<key>name</key>
			<string>uexInputTextFieldViewBundle</string>
			<key>productName</key>
			<string>uexInputTextFieldViewBundle</string>
			<key>productReference</key>
			<string>42EE611D1C2AB1B5007CFCB4</string>
			<key>productType</key>
			<string>com.apple.product-type.bundle</string>
		</dict>
		<key>42EE611D1C2AB1B5007CFCB4</key>
		<dict>
			<key>explicitFileType</key>
			<string>wrapper.cfbundle</string>
			<key>includeInIndex</key>
			<string>0</string>
			<key>isa</key>
			<string>PBXFileReference</string>
			<key>path</key>
			<string>uexInputTextFieldView.bundle</string>
			<key>sourceTree</key>
			<string>BUILT_PRODUCTS_DIR</string>
		</dict>
		<key>42EE611E1C2AB1B5007CFCB4</key>
		<dict>
			<key>children</key>
			<array>
				<string>42EE61231C2AB272007CFCB4</string>
				<string>42EE61281C2AB272007CFCB4</string>
			</array>
			<key>isa</key>
			<string>PBXGroup</string>
			<key>path</key>
			<string>uexInputTextFieldViewBundle</string>
			<key>sourceTree</key>
			<string>&lt;group&gt;</string>
		</dict>
		<key>42EE61201C2AB1B5007CFCB4</key>
		<dict>
			<key>buildConfigurations</key>
			<array>
				<string>42EE61211C2AB1B5007CFCB4</string>
				<string>42EE61221C2AB1B5007CFCB4</string>
			</array>
			<key>defaultConfigurationIsVisible</key>
			<string>0</string>
			<key>defaultConfigurationName</key>
			<string>Release</string>
			<key>isa</key>
			<string>XCConfigurationList</string>
		</dict>
		<key>42EE61211C2AB1B5007CFCB4</key>
		<dict>
			<key>buildSettings</key>
			<dict>
				<key>CODE_SIGN_IDENTITY</key>
				<string></string>
				<key>COMBINE_HIDPI_IMAGES</key>
				<string>NO</string>
				<key>DEBUG_INFORMATION_FORMAT</key>
				<string>dwarf</string>
				<key>ENABLE_TESTABILITY</key>
				<string>YES</string>
				<key>GCC_NO_COMMON_BLOCKS</key>
				<string>YES</string>
				<key>INFOPLIST_EXPAND_BUILD_SETTINGS</key>
				<string>NO</string>
				<key>INFOPLIST_FILE</key>
				<string></string>
				<key>INSTALL_PATH</key>
				<string>$(LOCAL_LIBRARY_DIR)/Bundles</string>
				<key>MACOSX_DEPLOYMENT_TARGET</key>
				<string>10.11</string>
				<key>ONLY_ACTIVE_ARCH</key>
				<string>YES</string>
				<key>PRODUCT_BUNDLE_IDENTIFIER</key>
				<string>com.zywx.uexInputTextFieldViewBundle</string>
				<key>PRODUCT_NAME</key>
				<string>uexInputTextFieldView</string>
				<key>SDKROOT</key>
				<string>macosx</string>
				<key>SKIP_INSTALL</key>
				<string>YES</string>
				<key>WRAPPER_EXTENSION</key>
				<string>bundle</string>
			</dict>
			<key>isa</key>
			<string>XCBuildConfiguration</string>
			<key>name</key>
			<string>Debug</string>
		</dict>
		<key>42EE61221C2AB1B5007CFCB4</key>
		<dict>
			<key>buildSettings</key>
			<dict>
				<key>CODE_SIGN_IDENTITY</key>
				<string></string>
				<key>COMBINE_HIDPI_IMAGES</key>
				<string>NO</string>
				<key>COPY_PHASE_STRIP</key>
				<string>NO</string>
				<key>DEBUG_INFORMATION_FORMAT</key>
				<string>dwarf</string>
				<key>GCC_NO_COMMON_BLOCKS</key>
				<string>YES</string>
				<key>INFOPLIST_EXPAND_BUILD_SETTINGS</key>
				<string>NO</string>
				<key>INFOPLIST_FILE</key>
				<string></string>
				<key>INSTALL_PATH</key>
				<string>$(LOCAL_LIBRARY_DIR)/Bundles</string>
				<key>MACOSX_DEPLOYMENT_TARGET</key>
				<string>10.11</string>
				<key>PRODUCT_BUNDLE_IDENTIFIER</key>
				<string>com.zywx.uexInputTextFieldViewBundle</string>
				<key>PRODUCT_NAME</key>
				<string>uexInputTextFieldView</string>
				<key>SDKROOT</key>
				<string>macosx</string>
				<key>SKIP_INSTALL</key>
				<string>YES</string>
				<key>WRAPPER_EXTENSION</key>
				<string>bundle</string>
			</dict>
			<key>isa</key>
			<string>XCBuildConfiguration</string>
			<key>name</key>
			<string>Release</string>
		</dict>
		<key>42EE61231C2AB272007CFCB4</key>
		<dict>
			<key>children</key>
			<array>
				<string>42EE61241C2AB272007CFCB4</string>
				<string>42EE61251C2AB272007CFCB4</string>
				<string>42EE61261C2AB272007CFCB4</string>
				<string>42EE61271C2AB272007CFCB4</string>
			</array>
			<key>isa</key>
			<string>PBXGroup</string>
			<key>path</key>
			<string>messageBubbleResource</string>
			<key>sourceTree</key>
			<string>&lt;group&gt;</string>
		</dict>
		<key>42EE61241C2AB272007CFCB4</key>
		<dict>
			<key>isa</key>
			<string>PBXFileReference</string>
			<key>lastKnownFileType</key>
			<string>image.png</string>
			<key>path</key>
			<string>chatBubble_Receiving_Cavern@2x.png</string>
			<key>sourceTree</key>
			<string>&lt;group&gt;</string>
		</dict>
		<key>42EE61251C2AB272007CFCB4</key>
		<dict>
			<key>isa</key>
			<string>PBXFileReference</string>
			<key>lastKnownFileType</key>
			<string>image.png</string>
			<key>path</key>
			<string>chatBubble_Receiving_Solid@2x.png</string>
			<key>sourceTree</key>
			<string>&lt;group&gt;</string>
		</dict>
		<key>42EE61261C2AB272007CFCB4</key>
		<dict>
			<key>isa</key>
			<string>PBXFileReference</string>
			<key>lastKnownFileType</key>
			<string>image.png</string>
			<key>path</key>
			<string>chatBubble_Sending_Cavern@2x.png</string>
			<key>sourceTree</key>
			<string>&lt;group&gt;</string>
		</dict>
		<key>42EE61271C2AB272007CFCB4</key>
		<dict>
			<key>isa</key>
			<string>PBXFileReference</string>
			<key>lastKnownFileType</key>
			<string>image.png</string>
			<key>path</key>
			<string>chatBubble_Sending_Solid@2x.png</string>
			<key>sourceTree</key>
			<string>&lt;group&gt;</string>
		</dict>
		<key>42EE61281C2AB272007CFCB4</key>
		<dict>
			<key>children</key>
			<array>
				<string>42EE61291C2AB272007CFCB4</string>
				<string>42EE612A1C2AB272007CFCB4</string>
				<string>42EE612B1C2AB272007CFCB4</string>
				<string>42EE612C1C2AB272007CFCB4</string>
				<string>42EE612D1C2AB272007CFCB4</string>
				<string>42EE612E1C2AB272007CFCB4</string>
				<string>42EE612F1C2AB272007CFCB4</string>
				<string>42EE61301C2AB272007CFCB4</string>
				<string>42EE61311C2AB272007CFCB4</string>
				<string>42EE61321C2AB272007CFCB4</string>
				<string>42EE61331C2AB272007CFCB4</string>
			</array>
			<key>isa</key>
			<string>PBXGroup</string>
			<key>path</key>
			<string>messageInputViewResource</string>
			<key>sourceTree</key>
			<string>&lt;group&gt;</string>
		</dict>
		<key>42EE61291C2AB272007CFCB4</key>
		<dict>
			<key>isa</key>
			<string>PBXFileReference</string>
			<key>lastKnownFileType</key>
			<string>image.png</string>
			<key>path</key>
			<string>EmotionsSendBtnBlue@2x.png</string>
			<key>sourceTree</key>
			<string>&lt;group&gt;</string>
		</dict>
		<key>42EE612A1C2AB272007CFCB4</key>
		<dict>
			<key>isa</key>
			<string>PBXFileReference</string>
			<key>lastKnownFileType</key>
			<string>image.png</string>
			<key>path</key>
			<string>EmotionsSendBtnBlueHL@2x.png</string>
			<key>sourceTree</key>
			<string>&lt;group&gt;</string>
		</dict>
		<key>42EE612B1C2AB272007CFCB4</key>
		<dict>
			<key>isa</key>
			<string>PBXFileReference</string>
			<key>lastKnownFileType</key>
			<string>image.png</string>
			<key>path</key>
			<string>EmotionsSendBtnGrey@2x.png</string>
			<key>sourceTree</key>
			<string>&lt;group&gt;</string>
		</dict>
		<key>42EE612C1C2AB272007CFCB4</key>
		<dict>
			<key>isa</key>
			<string>PBXFileReference</string>
			<key>lastKnownFileType</key>
			<string>image.png</string>
			<key>path</key>
			<string>input-bar-background.png</string>
			<key>sourceTree</key>
			<string>&lt;group&gt;</string>
		</dict>
		<key>42EE612D1C2AB272007CFCB4</key>
		<dict>
			<key>isa</key>
			<string>PBXFileReference</string>
			<key>lastKnownFileType</key>
			<string>image.png</string>
			<key>path</key>
			<string>input-bar-background@2x.png</string>
			<key>sourceTree</key>
			<string>&lt;group&gt;</string>
		</dict>
		<key>42EE612E1C2AB272007CFCB4</key>
		<dict>
			<key>isa</key>
			<string>PBXFileReference</string>
			<key>lastKnownFileType</key>
			<string>image.png</string>
			<key>path</key>
			<string>input-bar-flat.png</string>
			<key>sourceTree</key>
			<string>&lt;group&gt;</string>
		</dict>
		<key>42EE612F1C2AB272007CFCB4</key>
		<dict>
			<key>isa</key>
			<string>PBXFileReference</string>
			<key>lastKnownFileType</key>
			<string>image.png</string>
			<key>path</key>
			<string>input-bar-flat@2x.png</string>
			<key>sourceTree</key>
			<string>&lt;group&gt;</string>
		</dict>
		<key>42EE61301C2AB272007CFCB4</key>
		<dict>
			<key>isa</key>
			<string>PBXFileReference</string>
			<key>lastKnownFileType</key>
			<string>image.png</string>
			<key>path</key>
			<string>ToolViewEmotion_ios7@2x.png</string>
			<key>sourceTree</key>
			<string>&lt;group&gt;</string>
		</dict>
		<key>42EE61311C2AB272007CFCB4</key>
		<dict>
			<key>isa</key>
			<string>PBXFileReference</string>
			<key>lastKnownFileType</key>
			<string>image.png</string>
			<key>path</key>
			<string>ToolViewInputVoice_ios7@2x.png</string>
			<key>sourceTree</key>
			<string>&lt;group&gt;</string>
		</dict>
		<key>42EE61321C2AB272007CFCB4</key>
		<dict>
			<key>isa</key>
			<string>PBXFileReference</string>
			<key>lastKnownFileType</key>
			<string>image.png</string>
			<key>path</key>
			<string>ToolViewKeyboard_ios7@2x.png</string>
			<key>sourceTree</key>
			<string>&lt;group&gt;</string>
		</dict>
		<key>42EE61331C2AB272007CFCB4</key>
		<dict>
			<key>isa</key>
			<string>PBXFileReference</string>
			<key>lastKnownFileType</key>
			<string>image.png</string>
			<key>path</key>
			<string>TypeSelectorBtn_Black_ios7@2x.png</string>
			<key>sourceTree</key>
			<string>&lt;group&gt;</string>
		</dict>
		<key>42EE61341C2AB272007CFCB4</key>
		<dict>
			<key>fileRef</key>
			<string>42EE61241C2AB272007CFCB4</string>
			<key>isa</key>
			<string>PBXBuildFile</string>
		</dict>
		<key>42EE61351C2AB272007CFCB4</key>
		<dict>
			<key>fileRef</key>
			<string>42EE61251C2AB272007CFCB4</string>
			<key>isa</key>
			<string>PBXBuildFile</string>
		</dict>
		<key>42EE61361C2AB272007CFCB4</key>
		<dict>
			<key>fileRef</key>
			<string>42EE61261C2AB272007CFCB4</string>
			<key>isa</key>
			<string>PBXBuildFile</string>
		</dict>
		<key>42EE61371C2AB272007CFCB4</key>
		<dict>
			<key>fileRef</key>
			<string>42EE61271C2AB272007CFCB4</string>
			<key>isa</key>
			<string>PBXBuildFile</string>
		</dict>
		<key>42EE61381C2AB272007CFCB4</key>
		<dict>
			<key>fileRef</key>
			<string>42EE61291C2AB272007CFCB4</string>
			<key>isa</key>
			<string>PBXBuildFile</string>
		</dict>
		<key>42EE61391C2AB272007CFCB4</key>
		<dict>
			<key>fileRef</key>
			<string>42EE612A1C2AB272007CFCB4</string>
			<key>isa</key>
			<string>PBXBuildFile</string>
		</dict>
		<key>42EE613A1C2AB272007CFCB4</key>
		<dict>
			<key>fileRef</key>
			<string>42EE612B1C2AB272007CFCB4</string>
			<key>isa</key>
			<string>PBXBuildFile</string>
		</dict>
		<key>42EE613B1C2AB272007CFCB4</key>
		<dict>
			<key>fileRef</key>
			<string>42EE612C1C2AB272007CFCB4</string>
			<key>isa</key>
			<string>PBXBuildFile</string>
		</dict>
		<key>42EE613C1C2AB272007CFCB4</key>
		<dict>
			<key>fileRef</key>
			<string>42EE612D1C2AB272007CFCB4</string>
			<key>isa</key>
			<string>PBXBuildFile</string>
		</dict>
		<key>42EE613D1C2AB272007CFCB4</key>
		<dict>
			<key>fileRef</key>
			<string>42EE612E1C2AB272007CFCB4</string>
			<key>isa</key>
			<string>PBXBuildFile</string>
		</dict>
		<key>42EE613E1C2AB272007CFCB4</key>
		<dict>
			<key>fileRef</key>
			<string>42EE612F1C2AB272007CFCB4</string>
			<key>isa</key>
			<string>PBXBuildFile</string>
		</dict>
		<key>42EE613F1C2AB272007CFCB4</key>
		<dict>
			<key>fileRef</key>
			<string>42EE61301C2AB272007CFCB4</string>
			<key>isa</key>
			<string>PBXBuildFile</string>
		</dict>
		<key>42EE61401C2AB272007CFCB4</key>
		<dict>
			<key>fileRef</key>
			<string>42EE61311C2AB272007CFCB4</string>
			<key>isa</key>
			<string>PBXBuildFile</string>
		</dict>
		<key>42EE61411C2AB272007CFCB4</key>
		<dict>
			<key>fileRef</key>
			<string>42EE61321C2AB272007CFCB4</string>
			<key>isa</key>
			<string>PBXBuildFile</string>
		</dict>
		<key>42EE61421C2AB272007CFCB4</key>
		<dict>
			<key>fileRef</key>
			<string>42EE61331C2AB272007CFCB4</string>
			<key>isa</key>
			<string>PBXBuildFile</string>
		</dict>
		<key>5A48B768A7C1E933DFB4E0ED</key>
		<dict>
			<key>fileRef</key>
			<string>A9C4C98B12E253C5FDC43DEB</string>
			<key>isa</key>
			<string>PBXBuildFile</string>
		</dict>
		<key>7060CC8DA986049682544127</key>
		<dict>
			<key>fileRef</key>
			<string>721B456521E9B87C6621D18D</string>
			<key>isa</key>
			<string>PBXBuildFile</string>
		</dict>
		<key>721B456521E9B87C6621D18D</key>
		<dict>
			<key>fileEncoding</key>
			<string>4</string>
			<key>isa</key>
			<string>PBXFileReference</string>
			<key>lastKnownFileType</key>
			<string>archive.ar</string>
			<key>name</key>
			<string>libsqlite3.tbd</string>
			<key>path</key>
			<string>usr/lib/libsqlite3.tbd</string>
			<key>sourceTree</key>
			<string>SDKROOT</string>
		</dict>
		<key>740253C77C1594CF8529C220</key>
		<dict>
			<key>children</key>
			<array>
				<string>1A6D13B2DEB72084D6EBB711</string>
				<string>268F1D2B0A5C930FA50B823C</string>
			</array>
			<key>isa</key>
			<string>PBXGroup</string>
			<key>path</key>
			<string>AppCanEngine</string>
			<key>sourceTree</key>
			<string>&lt;group&gt;</string>
		</dict>
		<key>771CD4F229925076E88D6ADB</key>
		<dict>
			<key>buildActionMask</key>
			<string>2147483647</string>
			<key>files</key>
			<array>
				<string>835963CD9D436F5DF43C80C4</string>
			</array>
			<key>isa</key>
			<string>PBXResourcesBuildPhase</string>
			<key>runOnlyForDeploymentPostprocessing</key>
			<string>0</string>
		</dict>
		<key>835963CD9D436F5DF43C80C4</key>
		<dict>
			<key>fileRef</key>
			<string>A9C4C98B12E253C5FDC43DEB</string>
			<key>isa</key>
			<string>PBXBuildFile</string>
		</dict>
		<key>8C8E7929AB28DF1DF8BA06D4</key>
		<dict>
			<key>fileRef</key>
			<string>AF0F2B50DC0182E59036973E</string>
			<key>isa</key>
			<string>PBXBuildFile</string>
		</dict>
		<key>8E0F1DC301DEEADFD1D493C7</key>
		<dict>
			<key>fileRef</key>
			<string>F75353BDABB183F43C82EA10</string>
			<key>isa</key>
			<string>PBXBuildFile</string>
		</dict>
		<key>8E5CE3D51E6972998AA34C40</key>
		<dict>
			<key>fileRef</key>
			<string>DE5C8C09F0A67824181BBB91</string>
			<key>isa</key>
			<string>PBXBuildFile</string>
		</dict>
		<key>8FE3CE70B7D51F3E95248FDE</key>
		<dict>
			<key>fileEncoding</key>
			<string>4</string>
			<key>isa</key>
			<string>PBXFileReference</string>
			<key>lastKnownFileType</key>
			<string>wrapper.framework</string>
			<key>name</key>
			<string>MapKit.framework</string>
			<key>path</key>
			<string>System/Library/Frameworks/MapKit.framework</string>
			<key>sourceTree</key>
			<string>SDKROOT</string>
		</dict>
		<key>910D6FC6B3F59C07C06F8AD2</key>
		<dict>
			<key>fileRef</key>
			<string>9BA6C23CDAF693AA46CFFBF7</string>
			<key>isa</key>
			<string>PBXBuildFile</string>
		</dict>
		<key>9A0750F82836C816C8736D6A</key>
		<dict>
			<key>fileRef</key>
			<string>1A6D13B2DEB72084D6EBB711</string>
			<key>isa</key>
			<string>PBXBuildFile</string>
		</dict>
		<key>9BA6C23CDAF693AA46CFFBF7</key>
		<dict>
			<key>fileEncoding</key>
			<string>4</string>
			<key>isa</key>
			<string>PBXFileReference</string>
			<key>lastKnownFileType</key>
			<string>wrapper.framework</string>
			<key>name</key>
			<string>UIKit.framework</string>
			<key>path</key>
			<string>System/Library/Frameworks/UIKit.framework</string>
			<key>sourceTree</key>
			<string>SDKROOT</string>
		</dict>
		<key>A9C4C98B12E253C5FDC43DEB</key>
		<dict>
			<key>fileEncoding</key>
			<string>4</string>
			<key>isa</key>
			<string>PBXFileReference</string>
			<key>lastKnownFileType</key>
			<string>wrapper.cfbundle</string>
			<key>name</key>
			<string>uexInputTextFieldView.bundle</string>
			<key>path</key>
			<string>uexInputTextFieldView/uexInputTextFieldView.bundle</string>
			<key>sourceTree</key>
			<string>&lt;group&gt;</string>
		</dict>
		<key>AF0F2B50DC0182E59036973E</key>
		<dict>
			<key>fileEncoding</key>
			<string>4</string>
			<key>isa</key>
			<string>PBXFileReference</string>
			<key>lastKnownFileType</key>
			<string>wrapper.framework</string>
			<key>name</key>
			<string>CFNetWork.framework</string>
			<key>path</key>
			<string>System/Library/Frameworks/CFNetWork.framework</string>
			<key>sourceTree</key>
			<string>SDKROOT</string>
		</dict>
		<key>B122DBACF0021C8B42906339</key>
		<dict>
			<key>fileRef</key>
			<string>31454D558F23214DC459E778</string>
			<key>isa</key>
			<string>PBXBuildFile</string>
		</dict>
		<key>B2A91CB223261C345724A7E6</key>
		<dict>
			<key>fileRef</key>
			<string>D70DA22197C096FA98F3469C</string>
			<key>isa</key>
			<string>PBXBuildFile</string>
		</dict>
		<key>C9C5B3A114E503635B806526</key>
		<dict>
			<key>fileRef</key>
			<string>15FAB90B1CCA7B9B7A35F060</string>
			<key>isa</key>
			<string>PBXBuildFile</string>
		</dict>
		<key>D70DA22197C096FA98F3469C</key>
		<dict>
			<key>fileEncoding</key>
			<string>4</string>
			<key>isa</key>
			<string>PBXFileReference</string>
			<key>lastKnownFileType</key>
			<string>wrapper.framework</string>
			<key>name</key>
			<string>QuartzCore.framework</string>
			<key>path</key>
			<string>System/Library/Frameworks/QuartzCore.framework</string>
			<key>sourceTree</key>
			<string>SDKROOT</string>
		</dict>
		<key>DBC697E1D36FE0E49A0FF2B2</key>
		<dict>
			<key>fileEncoding</key>
			<string>4</string>
			<key>isa</key>
			<string>PBXFileReference</string>
			<key>lastKnownFileType</key>
			<string>wrapper.framework</string>
			<key>name</key>
			<string>SystemConfiguration.framework</string>
			<key>path</key>
			<string>System/Library/Frameworks/SystemConfiguration.framework</string>
			<key>sourceTree</key>
			<string>SDKROOT</string>
		</dict>
		<key>DE5C8C09F0A67824181BBB91</key>
		<dict>
			<key>fileEncoding</key>
			<string>4</string>
			<key>isa</key>
			<string>PBXFileReference</string>
			<key>lastKnownFileType</key>
			<string>wrapper.framework</string>
			<key>name</key>
			<string>CoreGraphics.framework</string>
			<key>path</key>
			<string>System/Library/Frameworks/CoreGraphics.framework</string>
			<key>sourceTree</key>
			<string>SDKROOT</string>
		</dict>
		<key>F75353BDABB183F43C82EA10</key>
		<dict>
			<key>fileEncoding</key>
			<string>4</string>
			<key>isa</key>
			<string>PBXFileReference</string>
			<key>lastKnownFileType</key>
			<string>wrapper.framework</string>
			<key>name</key>
			<string>ImageIO.framework</string>
			<key>path</key>
			<string>System/Library/Frameworks/ImageIO.framework</string>
			<key>sourceTree</key>
			<string>SDKROOT</string>
		</dict>
		<key>F908453748CC778442C42522</key>
		<dict>
			<key>fileRef</key>
			<string>3E9B1B480B15E7694B193F6D</string>
			<key>isa</key>
			<string>PBXBuildFile</string>
		</dict>
		<key>FDCDD1046EB4BF4972E42C38</key>
		<dict>
			<key>fileEncoding</key>
			<string>4</string>
			<key>isa</key>
			<string>PBXFileReference</string>
			<key>lastKnownFileType</key>
			<string>archive.ar</string>
			<key>name</key>
			<string>libstdc++.tbd</string>
			<key>path</key>
			<string>usr/lib/libstdc++.tbd</string>
			<key>sourceTree</key>
			<string>SDKROOT</string>
		</dict>
	</dict>
	<key>rootObject</key>
	<string>3C7DD5751AAD83E500FDE63B</string>
</dict>
</plist>
